// !$*UTF8*$!
{
	archiveVersion = 1;
	classes = {
	};
	objectVersion = 56;
	objects = {

/* Begin PBXBuildFile section */
		553C7DE72C0ADEFE002C8C0B /* NaviXApp.swift in Sources */ = {isa = PBXBuildFile; fileRef = 553C7DE62C0ADEFE002C8C0B /* NaviXApp.swift */; };
		553C7DE92C0ADEFE002C8C0B /* ContentView.swift in Sources */ = {isa = PBXBuildFile; fileRef = 553C7DE82C0ADEFE002C8C0B /* ContentView.swift */; };
		553C7DED2C0ADF01002C8C0B /* Assets.xcassets in Resources */ = {isa = PBXBuildFile; fileRef = 553C7DEC2C0ADF01002C8C0B /* Assets.xcassets */; };
		553C7DF12C0ADF01002C8C0B /* Preview Assets.xcassets in Resources */ = {isa = PBXBuildFile; fileRef = 553C7DF02C0ADF01002C8C0B /* Preview Assets.xcassets */; };
		553C7DF92C0B8E0A002C8C0B /* SwiftSoup in Frameworks */ = {isa = PBXBuildFile; productRef = 553C7DF82C0B8E0A002C8C0B /* SwiftSoup */; };
		553C7DFF2C0B9286002C8C0B /* SwiftFetch in Frameworks */ = {isa = PBXBuildFile; productRef = 553C7DFE2C0B9286002C8C0B /* SwiftFetch */; };
		553C7E042C0B955E002C8C0B /* Tab.swift in Sources */ = {isa = PBXBuildFile; fileRef = 553C7E032C0B955E002C8C0B /* Tab.swift */; };
		553C7E072C0BA05E002C8C0B /* SwiftUIX in Frameworks */ = {isa = PBXBuildFile; productRef = 553C7E062C0BA05E002C8C0B /* SwiftUIX */; };
		553C7E0A2C0BA425002C8C0B /* AddressBar.swift in Sources */ = {isa = PBXBuildFile; fileRef = 553C7E092C0BA425002C8C0B /* AddressBar.swift */; };
		553C7E0C2C0C9EA8002C8C0B /* WindowModel.swift in Sources */ = {isa = PBXBuildFile; fileRef = 553C7E0B2C0C9EA8002C8C0B /* WindowModel.swift */; };
		553C7E0F2C0CA57E002C8C0B /* WindowView.swift in Sources */ = {isa = PBXBuildFile; fileRef = 553C7E0E2C0CA57E002C8C0B /* WindowView.swift */; };
		553C7E122C0CB208002C8C0B /* UserError.swift in Sources */ = {isa = PBXBuildFile; fileRef = 553C7E112C0CB208002C8C0B /* UserError.swift */; };
		553C7E142C0CB38B002C8C0B /* AddressError.swift in Sources */ = {isa = PBXBuildFile; fileRef = 553C7E132C0CB38B002C8C0B /* AddressError.swift */; };
		553C7E172C0CB9D4002C8C0B /* DNSPayload.swift in Sources */ = {isa = PBXBuildFile; fileRef = 553C7E162C0CB9D4002C8C0B /* DNSPayload.swift */; };
		553C7E1A2C0CBAA8002C8C0B /* Request.swift in Sources */ = {isa = PBXBuildFile; fileRef = 553C7E192C0CBAA8002C8C0B /* Request.swift */; };
		553C7E1D2C0CD185002C8C0B /* BrowserView.swift in Sources */ = {isa = PBXBuildFile; fileRef = 553C7E1C2C0CD185002C8C0B /* BrowserView.swift */; };
		553C7E1F2C0CD5C3002C8C0B /* HTMLTag.swift in Sources */ = {isa = PBXBuildFile; fileRef = 553C7E1E2C0CD5C3002C8C0B /* HTMLTag.swift */; };
		553C7E272C0CDC37002C8C0B /* TagProtocol.swift in Sources */ = {isa = PBXBuildFile; fileRef = 553C7E262C0CDC37002C8C0B /* TagProtocol.swift */; };
		553C7E292C0CDC46002C8C0B /* TitleTag.swift in Sources */ = {isa = PBXBuildFile; fileRef = 553C7E282C0CDC46002C8C0B /* TitleTag.swift */; };
		553C7E2B2C0CDD05002C8C0B /* LinkTag.swift in Sources */ = {isa = PBXBuildFile; fileRef = 553C7E2A2C0CDD05002C8C0B /* LinkTag.swift */; };
		553C7E2D2C0CDEA6002C8C0B /* ScriptTag.swift in Sources */ = {isa = PBXBuildFile; fileRef = 553C7E2C2C0CDEA6002C8C0B /* ScriptTag.swift */; };
		553C7E2F2C0DE956002C8C0B /* HeadTag.swift in Sources */ = {isa = PBXBuildFile; fileRef = 553C7E2E2C0DE956002C8C0B /* HeadTag.swift */; };
		553C7E322C0DEA42002C8C0B /* HTMLUtils.swift in Sources */ = {isa = PBXBuildFile; fileRef = 553C7E312C0DEA42002C8C0B /* HTMLUtils.swift */; };
		553C7E342C0DEBF1002C8C0B /* BodyTag.swift in Sources */ = {isa = PBXBuildFile; fileRef = 553C7E332C0DEBF1002C8C0B /* BodyTag.swift */; };
		553C7E372C0DEF0B002C8C0B /* ParseError.swift in Sources */ = {isa = PBXBuildFile; fileRef = 553C7E362C0DEF0B002C8C0B /* ParseError.swift */; };
		553C7E392C0EF24E002C8C0B /* DivTag.swift in Sources */ = {isa = PBXBuildFile; fileRef = 553C7E382C0EF24E002C8C0B /* DivTag.swift */; };
		553C7E3C2C0F1A7E002C8C0B /* CSSStylesheet.swift in Sources */ = {isa = PBXBuildFile; fileRef = 553C7E3B2C0F1A7E002C8C0B /* CSSStylesheet.swift */; };
		553C7E3E2C0F1BE3002C8C0B /* CSSToken.swift in Sources */ = {isa = PBXBuildFile; fileRef = 553C7E3D2C0F1BE3002C8C0B /* CSSToken.swift */; };
		553C7E402C0F1CE9002C8C0B /* CSSPosition.swift in Sources */ = {isa = PBXBuildFile; fileRef = 553C7E3F2C0F1CE9002C8C0B /* CSSPosition.swift */; };
		553C7E422C0F2598002C8C0B /* CSSError.swift in Sources */ = {isa = PBXBuildFile; fileRef = 553C7E412C0F2598002C8C0B /* CSSError.swift */; };
		553C7E442C0F5FD4002C8C0B /* CSSRuleSet.swift in Sources */ = {isa = PBXBuildFile; fileRef = 553C7E432C0F5FD4002C8C0B /* CSSRuleSet.swift */; };
		553C7E462C0F6D46002C8C0B /* CSSSelector.swift in Sources */ = {isa = PBXBuildFile; fileRef = 553C7E452C0F6D46002C8C0B /* CSSSelector.swift */; };
		553C7E482C0F8837002C8C0B /* CSSColors.swift in Sources */ = {isa = PBXBuildFile; fileRef = 553C7E472C0F8837002C8C0B /* CSSColors.swift */; };
		553C7E4B2C104078002C8C0B /* CSSRuleSet+Border.swift in Sources */ = {isa = PBXBuildFile; fileRef = 553C7E4A2C104078002C8C0B /* CSSRuleSet+Border.swift */; };
		553C7E4D2C1040EA002C8C0B /* CSSRuleSet+Padding.swift in Sources */ = {isa = PBXBuildFile; fileRef = 553C7E4C2C1040EA002C8C0B /* CSSRuleSet+Padding.swift */; };
		553C7E4F2C104CC1002C8C0B /* CSSRuleSet+Flex.swift in Sources */ = {isa = PBXBuildFile; fileRef = 553C7E4E2C104CC1002C8C0B /* CSSRuleSet+Flex.swift */; };
		553C7E512C1056A2002C8C0B /* CSSRuleSet+Font.swift in Sources */ = {isa = PBXBuildFile; fileRef = 553C7E502C1056A2002C8C0B /* CSSRuleSet+Font.swift */; };
		553C7E532C105DE6002C8C0B /* CSSRuleSet+Margin.swift in Sources */ = {isa = PBXBuildFile; fileRef = 553C7E522C105DE6002C8C0B /* CSSRuleSet+Margin.swift */; };
/* End PBXBuildFile section */

/* Begin PBXFileReference section */
		553C7DE32C0ADEFE002C8C0B /* NaviX.app */ = {isa = PBXFileReference; explicitFileType = wrapper.application; includeInIndex = 0; path = NaviX.app; sourceTree = BUILT_PRODUCTS_DIR; };
		553C7DE62C0ADEFE002C8C0B /* NaviXApp.swift */ = {isa = PBXFileReference; lastKnownFileType = sourcecode.swift; path = NaviXApp.swift; sourceTree = "<group>"; };
		553C7DE82C0ADEFE002C8C0B /* ContentView.swift */ = {isa = PBXFileReference; lastKnownFileType = sourcecode.swift; path = ContentView.swift; sourceTree = "<group>"; };
		553C7DEC2C0ADF01002C8C0B /* Assets.xcassets */ = {isa = PBXFileReference; lastKnownFileType = folder.assetcatalog; path = Assets.xcassets; sourceTree = "<group>"; };
		553C7DEE2C0ADF01002C8C0B /* NaviX.entitlements */ = {isa = PBXFileReference; lastKnownFileType = text.plist.entitlements; path = NaviX.entitlements; sourceTree = "<group>"; };
		553C7DF02C0ADF01002C8C0B /* Preview Assets.xcassets */ = {isa = PBXFileReference; lastKnownFileType = folder.assetcatalog; path = "Preview Assets.xcassets"; sourceTree = "<group>"; };
		553C7E002C0B941E002C8C0B /* README.md */ = {isa = PBXFileReference; lastKnownFileType = net.daringfireball.markdown; path = README.md; sourceTree = "<group>"; };
		553C7E012C0B947A002C8C0B /* LICENSE */ = {isa = PBXFileReference; lastKnownFileType = text; path = LICENSE; sourceTree = "<group>"; };
		553C7E032C0B955E002C8C0B /* Tab.swift */ = {isa = PBXFileReference; lastKnownFileType = sourcecode.swift; path = Tab.swift; sourceTree = "<group>"; };
		553C7E092C0BA425002C8C0B /* AddressBar.swift */ = {isa = PBXFileReference; lastKnownFileType = sourcecode.swift; path = AddressBar.swift; sourceTree = "<group>"; };
		553C7E0B2C0C9EA8002C8C0B /* WindowModel.swift */ = {isa = PBXFileReference; lastKnownFileType = sourcecode.swift; path = WindowModel.swift; sourceTree = "<group>"; };
		553C7E0E2C0CA57E002C8C0B /* WindowView.swift */ = {isa = PBXFileReference; lastKnownFileType = sourcecode.swift; path = WindowView.swift; sourceTree = "<group>"; };
		553C7E112C0CB208002C8C0B /* UserError.swift */ = {isa = PBXFileReference; lastKnownFileType = sourcecode.swift; path = UserError.swift; sourceTree = "<group>"; };
		553C7E132C0CB38B002C8C0B /* AddressError.swift */ = {isa = PBXFileReference; lastKnownFileType = sourcecode.swift; path = AddressError.swift; sourceTree = "<group>"; };
		553C7E162C0CB9D4002C8C0B /* DNSPayload.swift */ = {isa = PBXFileReference; lastKnownFileType = sourcecode.swift; path = DNSPayload.swift; sourceTree = "<group>"; };
		553C7E192C0CBAA8002C8C0B /* Request.swift */ = {isa = PBXFileReference; lastKnownFileType = sourcecode.swift; path = Request.swift; sourceTree = "<group>"; };
		553C7E1C2C0CD185002C8C0B /* BrowserView.swift */ = {isa = PBXFileReference; lastKnownFileType = sourcecode.swift; path = BrowserView.swift; sourceTree = "<group>"; };
		553C7E1E2C0CD5C3002C8C0B /* HTMLTag.swift */ = {isa = PBXFileReference; lastKnownFileType = sourcecode.swift; path = HTMLTag.swift; sourceTree = "<group>"; };
		553C7E262C0CDC37002C8C0B /* TagProtocol.swift */ = {isa = PBXFileReference; lastKnownFileType = sourcecode.swift; path = TagProtocol.swift; sourceTree = "<group>"; };
		553C7E282C0CDC46002C8C0B /* TitleTag.swift */ = {isa = PBXFileReference; lastKnownFileType = sourcecode.swift; path = TitleTag.swift; sourceTree = "<group>"; };
		553C7E2A2C0CDD05002C8C0B /* LinkTag.swift */ = {isa = PBXFileReference; lastKnownFileType = sourcecode.swift; path = LinkTag.swift; sourceTree = "<group>"; };
		553C7E2C2C0CDEA6002C8C0B /* ScriptTag.swift */ = {isa = PBXFileReference; lastKnownFileType = sourcecode.swift; path = ScriptTag.swift; sourceTree = "<group>"; };
		553C7E2E2C0DE956002C8C0B /* HeadTag.swift */ = {isa = PBXFileReference; lastKnownFileType = sourcecode.swift; path = HeadTag.swift; sourceTree = "<group>"; };
		553C7E312C0DEA42002C8C0B /* HTMLUtils.swift */ = {isa = PBXFileReference; lastKnownFileType = sourcecode.swift; path = HTMLUtils.swift; sourceTree = "<group>"; };
		553C7E332C0DEBF1002C8C0B /* BodyTag.swift */ = {isa = PBXFileReference; lastKnownFileType = sourcecode.swift; path = BodyTag.swift; sourceTree = "<group>"; };
		553C7E362C0DEF0B002C8C0B /* ParseError.swift */ = {isa = PBXFileReference; lastKnownFileType = sourcecode.swift; path = ParseError.swift; sourceTree = "<group>"; };
		553C7E382C0EF24E002C8C0B /* DivTag.swift */ = {isa = PBXFileReference; lastKnownFileType = sourcecode.swift; path = DivTag.swift; sourceTree = "<group>"; };
		553C7E3B2C0F1A7E002C8C0B /* CSSStylesheet.swift */ = {isa = PBXFileReference; lastKnownFileType = sourcecode.swift; path = CSSStylesheet.swift; sourceTree = "<group>"; };
		553C7E3D2C0F1BE3002C8C0B /* CSSToken.swift */ = {isa = PBXFileReference; lastKnownFileType = sourcecode.swift; path = CSSToken.swift; sourceTree = "<group>"; };
		553C7E3F2C0F1CE9002C8C0B /* CSSPosition.swift */ = {isa = PBXFileReference; lastKnownFileType = sourcecode.swift; path = CSSPosition.swift; sourceTree = "<group>"; };
		553C7E412C0F2598002C8C0B /* CSSError.swift */ = {isa = PBXFileReference; lastKnownFileType = sourcecode.swift; path = CSSError.swift; sourceTree = "<group>"; };
		553C7E432C0F5FD4002C8C0B /* CSSRuleSet.swift */ = {isa = PBXFileReference; lastKnownFileType = sourcecode.swift; path = CSSRuleSet.swift; sourceTree = "<group>"; };
		553C7E452C0F6D46002C8C0B /* CSSSelector.swift */ = {isa = PBXFileReference; lastKnownFileType = sourcecode.swift; path = CSSSelector.swift; sourceTree = "<group>"; };
		553C7E472C0F8837002C8C0B /* CSSColors.swift */ = {isa = PBXFileReference; fileEncoding = 4; lastKnownFileType = sourcecode.swift; path = CSSColors.swift; sourceTree = "<group>"; };
		553C7E4A2C104078002C8C0B /* CSSRuleSet+Border.swift */ = {isa = PBXFileReference; lastKnownFileType = sourcecode.swift; path = "CSSRuleSet+Border.swift"; sourceTree = "<group>"; };
		553C7E4C2C1040EA002C8C0B /* CSSRuleSet+Padding.swift */ = {isa = PBXFileReference; lastKnownFileType = sourcecode.swift; path = "CSSRuleSet+Padding.swift"; sourceTree = "<group>"; };
		553C7E4E2C104CC1002C8C0B /* CSSRuleSet+Flex.swift */ = {isa = PBXFileReference; lastKnownFileType = sourcecode.swift; path = "CSSRuleSet+Flex.swift"; sourceTree = "<group>"; };
		553C7E502C1056A2002C8C0B /* CSSRuleSet+Font.swift */ = {isa = PBXFileReference; lastKnownFileType = sourcecode.swift; path = "CSSRuleSet+Font.swift"; sourceTree = "<group>"; };
		553C7E522C105DE6002C8C0B /* CSSRuleSet+Margin.swift */ = {isa = PBXFileReference; lastKnownFileType = sourcecode.swift; path = "CSSRuleSet+Margin.swift"; sourceTree = "<group>"; };
/* End PBXFileReference section */

/* Begin PBXFrameworksBuildPhase section */
		553C7DE02C0ADEFE002C8C0B /* Frameworks */ = {
			isa = PBXFrameworksBuildPhase;
			buildActionMask = 2147483647;
			files = (
				553C7DFF2C0B9286002C8C0B /* SwiftFetch in Frameworks */,
				553C7DF92C0B8E0A002C8C0B /* SwiftSoup in Frameworks */,
				553C7E072C0BA05E002C8C0B /* SwiftUIX in Frameworks */,
			);
			runOnlyForDeploymentPostprocessing = 0;
		};
/* End PBXFrameworksBuildPhase section */

/* Begin PBXGroup section */
		553C7DDA2C0ADEFE002C8C0B = {
			isa = PBXGroup;
			children = (
				553C7E012C0B947A002C8C0B /* LICENSE */,
				553C7E002C0B941E002C8C0B /* README.md */,
				553C7DE52C0ADEFE002C8C0B /* NaviX */,
				553C7DE42C0ADEFE002C8C0B /* Products */,
			);
			sourceTree = "<group>";
		};
		553C7DE42C0ADEFE002C8C0B /* Products */ = {
			isa = PBXGroup;
			children = (
				553C7DE32C0ADEFE002C8C0B /* NaviX.app */,
			);
			name = Products;
			sourceTree = "<group>";
		};
		553C7DE52C0ADEFE002C8C0B /* NaviX */ = {
			isa = PBXGroup;
			children = (
				553C7E3A2C0F1A71002C8C0B /* CSS */,
				553C7E202C0CD603002C8C0B /* HTML */,
				553C7E1B2C0CCFA0002C8C0B /* Views */,
				553C7E182C0CBA87002C8C0B /* Utils */,
				553C7E102C0CB1E9002C8C0B /* Errors */,
				553C7E082C0BA40E002C8C0B /* Components */,
				553C7E022C0B9547002C8C0B /* Models */,
				553C7DE62C0ADEFE002C8C0B /* NaviXApp.swift */,
				553C7DE82C0ADEFE002C8C0B /* ContentView.swift */,
				553C7DEC2C0ADF01002C8C0B /* Assets.xcassets */,
				553C7DEE2C0ADF01002C8C0B /* NaviX.entitlements */,
				553C7DEF2C0ADF01002C8C0B /* Preview Content */,
				553C7E0E2C0CA57E002C8C0B /* WindowView.swift */,
			);
			path = NaviX;
			sourceTree = "<group>";
		};
		553C7DEF2C0ADF01002C8C0B /* Preview Content */ = {
			isa = PBXGroup;
			children = (
				553C7DF02C0ADF01002C8C0B /* Preview Assets.xcassets */,
			);
			path = "Preview Content";
			sourceTree = "<group>";
		};
		553C7E022C0B9547002C8C0B /* Models */ = {
			isa = PBXGroup;
			children = (
				553C7E152C0CB9CB002C8C0B /* Payloads */,
				553C7E032C0B955E002C8C0B /* Tab.swift */,
				553C7E0B2C0C9EA8002C8C0B /* WindowModel.swift */,
			);
			path = Models;
			sourceTree = "<group>";
		};
		553C7E082C0BA40E002C8C0B /* Components */ = {
			isa = PBXGroup;
			children = (
				553C7E092C0BA425002C8C0B /* AddressBar.swift */,
			);
			path = Components;
			sourceTree = "<group>";
		};
		553C7E102C0CB1E9002C8C0B /* Errors */ = {
			isa = PBXGroup;
			children = (
				553C7E112C0CB208002C8C0B /* UserError.swift */,
				553C7E132C0CB38B002C8C0B /* AddressError.swift */,
			);
			path = Errors;
			sourceTree = "<group>";
		};
		553C7E152C0CB9CB002C8C0B /* Payloads */ = {
			isa = PBXGroup;
			children = (
				553C7E162C0CB9D4002C8C0B /* DNSPayload.swift */,
			);
			path = Payloads;
			sourceTree = "<group>";
		};
		553C7E182C0CBA87002C8C0B /* Utils */ = {
			isa = PBXGroup;
			children = (
				553C7E192C0CBAA8002C8C0B /* Request.swift */,
			);
			path = Utils;
			sourceTree = "<group>";
		};
		553C7E1B2C0CCFA0002C8C0B /* Views */ = {
			isa = PBXGroup;
			children = (
				553C7E1C2C0CD185002C8C0B /* BrowserView.swift */,
			);
			path = Views;
			sourceTree = "<group>";
		};
		553C7E202C0CD603002C8C0B /* HTML */ = {
			isa = PBXGroup;
			children = (
				553C7E352C0DEF00002C8C0B /* Errors */,
				553C7E302C0DEA37002C8C0B /* Utils */,
				553C7E212C0CD611002C8C0B /* Tags */,
				553C7E1E2C0CD5C3002C8C0B /* HTMLTag.swift */,
			);
			path = HTML;
			sourceTree = "<group>";
		};
		553C7E212C0CD611002C8C0B /* Tags */ = {
			isa = PBXGroup;
			children = (
				553C7E332C0DEBF1002C8C0B /* BodyTag.swift */,
				553C7E262C0CDC37002C8C0B /* TagProtocol.swift */,
				553C7E282C0CDC46002C8C0B /* TitleTag.swift */,
				553C7E2A2C0CDD05002C8C0B /* LinkTag.swift */,
				553C7E2C2C0CDEA6002C8C0B /* ScriptTag.swift */,
				553C7E2E2C0DE956002C8C0B /* HeadTag.swift */,
				553C7E382C0EF24E002C8C0B /* DivTag.swift */,
			);
			path = Tags;
			sourceTree = "<group>";
		};
		553C7E302C0DEA37002C8C0B /* Utils */ = {
			isa = PBXGroup;
			children = (
				553C7E312C0DEA42002C8C0B /* HTMLUtils.swift */,
			);
			path = Utils;
			sourceTree = "<group>";
		};
		553C7E352C0DEF00002C8C0B /* Errors */ = {
			isa = PBXGroup;
			children = (
				553C7E362C0DEF0B002C8C0B /* ParseError.swift */,
			);
			path = Errors;
			sourceTree = "<group>";
		};
		553C7E3A2C0F1A71002C8C0B /* CSS */ = {
			isa = PBXGroup;
			children = (
				553C7E492C104064002C8C0B /* Extensions */,
				553C7E472C0F8837002C8C0B /* CSSColors.swift */,
				553C7E3B2C0F1A7E002C8C0B /* CSSStylesheet.swift */,
				553C7E3D2C0F1BE3002C8C0B /* CSSToken.swift */,
				553C7E3F2C0F1CE9002C8C0B /* CSSPosition.swift */,
				553C7E412C0F2598002C8C0B /* CSSError.swift */,
				553C7E432C0F5FD4002C8C0B /* CSSRuleSet.swift */,
				553C7E452C0F6D46002C8C0B /* CSSSelector.swift */,
			);
			path = CSS;
			sourceTree = "<group>";
		};
		553C7E492C104064002C8C0B /* Extensions */ = {
			isa = PBXGroup;
			children = (
				553C7E4A2C104078002C8C0B /* CSSRuleSet+Border.swift */,
				553C7E4C2C1040EA002C8C0B /* CSSRuleSet+Padding.swift */,
				553C7E4E2C104CC1002C8C0B /* CSSRuleSet+Flex.swift */,
				553C7E502C1056A2002C8C0B /* CSSRuleSet+Font.swift */,
				553C7E522C105DE6002C8C0B /* CSSRuleSet+Margin.swift */,
			);
			path = Extensions;
			sourceTree = "<group>";
		};
/* End PBXGroup section */

/* Begin PBXNativeTarget section */
		553C7DE22C0ADEFE002C8C0B /* NaviX */ = {
			isa = PBXNativeTarget;
			buildConfigurationList = 553C7DF42C0ADF01002C8C0B /* Build configuration list for PBXNativeTarget "NaviX" */;
			buildPhases = (
				553C7DDF2C0ADEFE002C8C0B /* Sources */,
				553C7DE02C0ADEFE002C8C0B /* Frameworks */,
				553C7DE12C0ADEFE002C8C0B /* Resources */,
			);
			buildRules = (
			);
			dependencies = (
			);
			name = NaviX;
			packageProductDependencies = (
				553C7DF82C0B8E0A002C8C0B /* SwiftSoup */,
				553C7DFE2C0B9286002C8C0B /* SwiftFetch */,
				553C7E062C0BA05E002C8C0B /* SwiftUIX */,
			);
			productName = NaviX;
			productReference = 553C7DE32C0ADEFE002C8C0B /* NaviX.app */;
			productType = "com.apple.product-type.application";
		};
/* End PBXNativeTarget section */

/* Begin PBXProject section */
		553C7DDB2C0ADEFE002C8C0B /* Project object */ = {
			isa = PBXProject;
			attributes = {
				BuildIndependentTargetsInParallel = 1;
				LastSwiftUpdateCheck = 1540;
				LastUpgradeCheck = 1540;
				TargetAttributes = {
					553C7DE22C0ADEFE002C8C0B = {
						CreatedOnToolsVersion = 15.4;
					};
				};
			};
			buildConfigurationList = 553C7DDE2C0ADEFE002C8C0B /* Build configuration list for PBXProject "NaviX" */;
			compatibilityVersion = "Xcode 14.0";
			developmentRegion = en;
			hasScannedForEncodings = 0;
			knownRegions = (
				en,
				Base,
			);
			mainGroup = 553C7DDA2C0ADEFE002C8C0B;
			packageReferences = (
				553C7DF72C0B8E0A002C8C0B /* XCRemoteSwiftPackageReference "SwiftSoup" */,
				553C7DFD2C0B9286002C8C0B /* XCRemoteSwiftPackageReference "SwiftFetch" */,
				553C7E052C0BA05E002C8C0B /* XCRemoteSwiftPackageReference "SwiftUIX" */,
			);
			productRefGroup = 553C7DE42C0ADEFE002C8C0B /* Products */;
			projectDirPath = "";
			projectRoot = "";
			targets = (
				553C7DE22C0ADEFE002C8C0B /* NaviX */,
			);
		};
/* End PBXProject section */

/* Begin PBXResourcesBuildPhase section */
		553C7DE12C0ADEFE002C8C0B /* Resources */ = {
			isa = PBXResourcesBuildPhase;
			buildActionMask = 2147483647;
			files = (
				553C7DF12C0ADF01002C8C0B /* Preview Assets.xcassets in Resources */,
				553C7DED2C0ADF01002C8C0B /* Assets.xcassets in Resources */,
			);
			runOnlyForDeploymentPostprocessing = 0;
		};
/* End PBXResourcesBuildPhase section */

/* Begin PBXSourcesBuildPhase section */
		553C7DDF2C0ADEFE002C8C0B /* Sources */ = {
			isa = PBXSourcesBuildPhase;
			buildActionMask = 2147483647;
			files = (
				553C7E0F2C0CA57E002C8C0B /* WindowView.swift in Sources */,
				553C7E2B2C0CDD05002C8C0B /* LinkTag.swift in Sources */,
				553C7E402C0F1CE9002C8C0B /* CSSPosition.swift in Sources */,
				553C7DE92C0ADEFE002C8C0B /* ContentView.swift in Sources */,
				553C7E0C2C0C9EA8002C8C0B /* WindowModel.swift in Sources */,
				553C7E372C0DEF0B002C8C0B /* ParseError.swift in Sources */,
				553C7E442C0F5FD4002C8C0B /* CSSRuleSet.swift in Sources */,
				553C7E322C0DEA42002C8C0B /* HTMLUtils.swift in Sources */,
				553C7E0A2C0BA425002C8C0B /* AddressBar.swift in Sources */,
				553C7E1D2C0CD185002C8C0B /* BrowserView.swift in Sources */,
				553C7E532C105DE6002C8C0B /* CSSRuleSet+Margin.swift in Sources */,
				553C7E2F2C0DE956002C8C0B /* HeadTag.swift in Sources */,
				553C7E292C0CDC46002C8C0B /* TitleTag.swift in Sources */,
				553C7E4B2C104078002C8C0B /* CSSRuleSet+Border.swift in Sources */,
				553C7E042C0B955E002C8C0B /* Tab.swift in Sources */,
				553C7E422C0F2598002C8C0B /* CSSError.swift in Sources */,
				553C7E142C0CB38B002C8C0B /* AddressError.swift in Sources */,
				553C7E172C0CB9D4002C8C0B /* DNSPayload.swift in Sources */,
				553C7E1A2C0CBAA8002C8C0B /* Request.swift in Sources */,
				553C7E482C0F8837002C8C0B /* CSSColors.swift in Sources */,
				553C7E3C2C0F1A7E002C8C0B /* CSSStylesheet.swift in Sources */,
				553C7E392C0EF24E002C8C0B /* DivTag.swift in Sources */,
				553C7E462C0F6D46002C8C0B /* CSSSelector.swift in Sources */,
				553C7E342C0DEBF1002C8C0B /* BodyTag.swift in Sources */,
				553C7E2D2C0CDEA6002C8C0B /* ScriptTag.swift in Sources */,
				553C7E3E2C0F1BE3002C8C0B /* CSSToken.swift in Sources */,
				553C7E1F2C0CD5C3002C8C0B /* HTMLTag.swift in Sources */,
				553C7E4D2C1040EA002C8C0B /* CSSRuleSet+Padding.swift in Sources */,
				553C7E4F2C104CC1002C8C0B /* CSSRuleSet+Flex.swift in Sources */,
				553C7E122C0CB208002C8C0B /* UserError.swift in Sources */,
				553C7E272C0CDC37002C8C0B /* TagProtocol.swift in Sources */,
				553C7DE72C0ADEFE002C8C0B /* NaviXApp.swift in Sources */,
				553C7E512C1056A2002C8C0B /* CSSRuleSet+Font.swift in Sources */,
			);
			runOnlyForDeploymentPostprocessing = 0;
		};
/* End PBXSourcesBuildPhase section */

/* Begin XCBuildConfiguration section */
		553C7DF22C0ADF01002C8C0B /* Debug */ = {
			isa = XCBuildConfiguration;
			buildSettings = {
				ALWAYS_SEARCH_USER_PATHS = NO;
				ASSETCATALOG_COMPILER_GENERATE_SWIFT_ASSET_SYMBOL_EXTENSIONS = YES;
				CLANG_ANALYZER_NONNULL = YES;
				CLANG_ANALYZER_NUMBER_OBJECT_CONVERSION = YES_AGGRESSIVE;
				CLANG_CXX_LANGUAGE_STANDARD = "gnu++20";
				CLANG_ENABLE_MODULES = YES;
				CLANG_ENABLE_OBJC_ARC = YES;
				CLANG_ENABLE_OBJC_WEAK = YES;
				CLANG_WARN_BLOCK_CAPTURE_AUTORELEASING = YES;
				CLANG_WARN_BOOL_CONVERSION = YES;
				CLANG_WARN_COMMA = YES;
				CLANG_WARN_CONSTANT_CONVERSION = YES;
				CLANG_WARN_DEPRECATED_OBJC_IMPLEMENTATIONS = YES;
				CLANG_WARN_DIRECT_OBJC_ISA_USAGE = YES_ERROR;
				CLANG_WARN_DOCUMENTATION_COMMENTS = YES;
				CLANG_WARN_EMPTY_BODY = YES;
				CLANG_WARN_ENUM_CONVERSION = YES;
				CLANG_WARN_INFINITE_RECURSION = YES;
				CLANG_WARN_INT_CONVERSION = YES;
				CLANG_WARN_NON_LITERAL_NULL_CONVERSION = YES;
				CLANG_WARN_OBJC_IMPLICIT_RETAIN_SELF = YES;
				CLANG_WARN_OBJC_LITERAL_CONVERSION = YES;
				CLANG_WARN_OBJC_ROOT_CLASS = YES_ERROR;
				CLANG_WARN_QUOTED_INCLUDE_IN_FRAMEWORK_HEADER = YES;
				CLANG_WARN_RANGE_LOOP_ANALYSIS = YES;
				CLANG_WARN_STRICT_PROTOTYPES = YES;
				CLANG_WARN_SUSPICIOUS_MOVE = YES;
				CLANG_WARN_UNGUARDED_AVAILABILITY = YES_AGGRESSIVE;
				CLANG_WARN_UNREACHABLE_CODE = YES;
				CLANG_WARN__DUPLICATE_METHOD_MATCH = YES;
				COPY_PHASE_STRIP = NO;
				DEBUG_INFORMATION_FORMAT = dwarf;
				ENABLE_STRICT_OBJC_MSGSEND = YES;
				ENABLE_TESTABILITY = YES;
				ENABLE_USER_SCRIPT_SANDBOXING = YES;
				GCC_C_LANGUAGE_STANDARD = gnu17;
				GCC_DYNAMIC_NO_PIC = NO;
				GCC_NO_COMMON_BLOCKS = YES;
				GCC_OPTIMIZATION_LEVEL = 0;
				GCC_PREPROCESSOR_DEFINITIONS = (
					"DEBUG=1",
					"$(inherited)",
				);
				GCC_WARN_64_TO_32_BIT_CONVERSION = YES;
				GCC_WARN_ABOUT_RETURN_TYPE = YES_ERROR;
				GCC_WARN_UNDECLARED_SELECTOR = YES;
				GCC_WARN_UNINITIALIZED_AUTOS = YES_AGGRESSIVE;
				GCC_WARN_UNUSED_FUNCTION = YES;
				GCC_WARN_UNUSED_VARIABLE = YES;
				LOCALIZATION_PREFERS_STRING_CATALOGS = YES;
				MTL_ENABLE_DEBUG_INFO = INCLUDE_SOURCE;
				MTL_FAST_MATH = YES;
				ONLY_ACTIVE_ARCH = YES;
				SWIFT_ACTIVE_COMPILATION_CONDITIONS = "DEBUG $(inherited)";
				SWIFT_OPTIMIZATION_LEVEL = "-Onone";
			};
			name = Debug;
		};
		553C7DF32C0ADF01002C8C0B /* Release */ = {
			isa = XCBuildConfiguration;
			buildSettings = {
				ALWAYS_SEARCH_USER_PATHS = NO;
				ASSETCATALOG_COMPILER_GENERATE_SWIFT_ASSET_SYMBOL_EXTENSIONS = YES;
				CLANG_ANALYZER_NONNULL = YES;
				CLANG_ANALYZER_NUMBER_OBJECT_CONVERSION = YES_AGGRESSIVE;
				CLANG_CXX_LANGUAGE_STANDARD = "gnu++20";
				CLANG_ENABLE_MODULES = YES;
				CLANG_ENABLE_OBJC_ARC = YES;
				CLANG_ENABLE_OBJC_WEAK = YES;
				CLANG_WARN_BLOCK_CAPTURE_AUTORELEASING = YES;
				CLANG_WARN_BOOL_CONVERSION = YES;
				CLANG_WARN_COMMA = YES;
				CLANG_WARN_CONSTANT_CONVERSION = YES;
				CLANG_WARN_DEPRECATED_OBJC_IMPLEMENTATIONS = YES;
				CLANG_WARN_DIRECT_OBJC_ISA_USAGE = YES_ERROR;
				CLANG_WARN_DOCUMENTATION_COMMENTS = YES;
				CLANG_WARN_EMPTY_BODY = YES;
				CLANG_WARN_ENUM_CONVERSION = YES;
				CLANG_WARN_INFINITE_RECURSION = YES;
				CLANG_WARN_INT_CONVERSION = YES;
				CLANG_WARN_NON_LITERAL_NULL_CONVERSION = YES;
				CLANG_WARN_OBJC_IMPLICIT_RETAIN_SELF = YES;
				CLANG_WARN_OBJC_LITERAL_CONVERSION = YES;
				CLANG_WARN_OBJC_ROOT_CLASS = YES_ERROR;
				CLANG_WARN_QUOTED_INCLUDE_IN_FRAMEWORK_HEADER = YES;
				CLANG_WARN_RANGE_LOOP_ANALYSIS = YES;
				CLANG_WARN_STRICT_PROTOTYPES = YES;
				CLANG_WARN_SUSPICIOUS_MOVE = YES;
				CLANG_WARN_UNGUARDED_AVAILABILITY = YES_AGGRESSIVE;
				CLANG_WARN_UNREACHABLE_CODE = YES;
				CLANG_WARN__DUPLICATE_METHOD_MATCH = YES;
				COPY_PHASE_STRIP = NO;
				DEBUG_INFORMATION_FORMAT = "dwarf-with-dsym";
				ENABLE_NS_ASSERTIONS = NO;
				ENABLE_STRICT_OBJC_MSGSEND = YES;
				ENABLE_USER_SCRIPT_SANDBOXING = YES;
				GCC_C_LANGUAGE_STANDARD = gnu17;
				GCC_NO_COMMON_BLOCKS = YES;
				GCC_WARN_64_TO_32_BIT_CONVERSION = YES;
				GCC_WARN_ABOUT_RETURN_TYPE = YES_ERROR;
				GCC_WARN_UNDECLARED_SELECTOR = YES;
				GCC_WARN_UNINITIALIZED_AUTOS = YES_AGGRESSIVE;
				GCC_WARN_UNUSED_FUNCTION = YES;
				GCC_WARN_UNUSED_VARIABLE = YES;
				LOCALIZATION_PREFERS_STRING_CATALOGS = YES;
				MTL_ENABLE_DEBUG_INFO = NO;
				MTL_FAST_MATH = YES;
				SWIFT_COMPILATION_MODE = wholemodule;
			};
			name = Release;
		};
		553C7DF52C0ADF01002C8C0B /* Debug */ = {
			isa = XCBuildConfiguration;
			buildSettings = {
				ASSETCATALOG_COMPILER_APPICON_NAME = AppIcon;
				ASSETCATALOG_COMPILER_GLOBAL_ACCENT_COLOR_NAME = AccentColor;
				CODE_SIGN_ENTITLEMENTS = NaviX/NaviX.entitlements;
				CODE_SIGN_STYLE = Automatic;
				CURRENT_PROJECT_VERSION = 1;
				DEVELOPMENT_ASSET_PATHS = "\"NaviX/Preview Content\"";
				DEVELOPMENT_TEAM = 32Z9KZZ4PU;
				ENABLE_HARDENED_RUNTIME = YES;
				ENABLE_PREVIEWS = YES;
				GENERATE_INFOPLIST_FILE = YES;
				"INFOPLIST_KEY_UIApplicationSceneManifest_Generation[sdk=iphoneos*]" = YES;
				"INFOPLIST_KEY_UIApplicationSceneManifest_Generation[sdk=iphonesimulator*]" = YES;
				"INFOPLIST_KEY_UIApplicationSupportsIndirectInputEvents[sdk=iphoneos*]" = YES;
				"INFOPLIST_KEY_UIApplicationSupportsIndirectInputEvents[sdk=iphonesimulator*]" = YES;
				"INFOPLIST_KEY_UILaunchScreen_Generation[sdk=iphoneos*]" = YES;
				"INFOPLIST_KEY_UILaunchScreen_Generation[sdk=iphonesimulator*]" = YES;
				"INFOPLIST_KEY_UIStatusBarStyle[sdk=iphoneos*]" = UIStatusBarStyleDefault;
				"INFOPLIST_KEY_UIStatusBarStyle[sdk=iphonesimulator*]" = UIStatusBarStyleDefault;
				INFOPLIST_KEY_UISupportedInterfaceOrientations_iPad = "UIInterfaceOrientationPortrait UIInterfaceOrientationPortraitUpsideDown UIInterfaceOrientationLandscapeLeft UIInterfaceOrientationLandscapeRight";
				INFOPLIST_KEY_UISupportedInterfaceOrientations_iPhone = "UIInterfaceOrientationPortrait UIInterfaceOrientationLandscapeLeft UIInterfaceOrientationLandscapeRight";
				IPHONEOS_DEPLOYMENT_TARGET = 17.0;
				LD_RUNPATH_SEARCH_PATHS = "@executable_path/Frameworks";
				"LD_RUNPATH_SEARCH_PATHS[sdk=macosx*]" = "@executable_path/../Frameworks";
				MACOSX_DEPLOYMENT_TARGET = 14.0;
				MARKETING_VERSION = 1.0;
				PRODUCT_BUNDLE_IDENTIFIER = xyz.helloyunho.NaviX;
				PRODUCT_NAME = "$(TARGET_NAME)";
				SDKROOT = auto;
				SUPPORTED_PLATFORMS = "iphoneos iphonesimulator macosx";
				SWIFT_EMIT_LOC_STRINGS = YES;
				SWIFT_VERSION = 5.0;
				TARGETED_DEVICE_FAMILY = "1,2";
			};
			name = Debug;
		};
		553C7DF62C0ADF01002C8C0B /* Release */ = {
			isa = XCBuildConfiguration;
			buildSettings = {
				ASSETCATALOG_COMPILER_APPICON_NAME = AppIcon;
				ASSETCATALOG_COMPILER_GLOBAL_ACCENT_COLOR_NAME = AccentColor;
				CODE_SIGN_ENTITLEMENTS = NaviX/NaviX.entitlements;
				CODE_SIGN_STYLE = Automatic;
				CURRENT_PROJECT_VERSION = 1;
				DEVELOPMENT_ASSET_PATHS = "\"NaviX/Preview Content\"";
				DEVELOPMENT_TEAM = 32Z9KZZ4PU;
				ENABLE_HARDENED_RUNTIME = YES;
				ENABLE_PREVIEWS = YES;
				GENERATE_INFOPLIST_FILE = YES;
				"INFOPLIST_KEY_UIApplicationSceneManifest_Generation[sdk=iphoneos*]" = YES;
				"INFOPLIST_KEY_UIApplicationSceneManifest_Generation[sdk=iphonesimulator*]" = YES;
				"INFOPLIST_KEY_UIApplicationSupportsIndirectInputEvents[sdk=iphoneos*]" = YES;
				"INFOPLIST_KEY_UIApplicationSupportsIndirectInputEvents[sdk=iphonesimulator*]" = YES;
				"INFOPLIST_KEY_UILaunchScreen_Generation[sdk=iphoneos*]" = YES;
				"INFOPLIST_KEY_UILaunchScreen_Generation[sdk=iphonesimulator*]" = YES;
				"INFOPLIST_KEY_UIStatusBarStyle[sdk=iphoneos*]" = UIStatusBarStyleDefault;
				"INFOPLIST_KEY_UIStatusBarStyle[sdk=iphonesimulator*]" = UIStatusBarStyleDefault;
				INFOPLIST_KEY_UISupportedInterfaceOrientations_iPad = "UIInterfaceOrientationPortrait UIInterfaceOrientationPortraitUpsideDown UIInterfaceOrientationLandscapeLeft UIInterfaceOrientationLandscapeRight";
				INFOPLIST_KEY_UISupportedInterfaceOrientations_iPhone = "UIInterfaceOrientationPortrait UIInterfaceOrientationLandscapeLeft UIInterfaceOrientationLandscapeRight";
				IPHONEOS_DEPLOYMENT_TARGET = 17.0;
				LD_RUNPATH_SEARCH_PATHS = "@executable_path/Frameworks";
				"LD_RUNPATH_SEARCH_PATHS[sdk=macosx*]" = "@executable_path/../Frameworks";
				MACOSX_DEPLOYMENT_TARGET = 14.0;
				MARKETING_VERSION = 1.0;
				PRODUCT_BUNDLE_IDENTIFIER = xyz.helloyunho.NaviX;
				PRODUCT_NAME = "$(TARGET_NAME)";
				SDKROOT = auto;
				SUPPORTED_PLATFORMS = "iphoneos iphonesimulator macosx";
				SWIFT_EMIT_LOC_STRINGS = YES;
				SWIFT_VERSION = 5.0;
				TARGETED_DEVICE_FAMILY = "1,2";
			};
			name = Release;
		};
/* End XCBuildConfiguration section */

/* Begin XCConfigurationList section */
		553C7DDE2C0ADEFE002C8C0B /* Build configuration list for PBXProject "NaviX" */ = {
			isa = XCConfigurationList;
			buildConfigurations = (
				553C7DF22C0ADF01002C8C0B /* Debug */,
				553C7DF32C0ADF01002C8C0B /* Release */,
			);
			defaultConfigurationIsVisible = 0;
			defaultConfigurationName = Release;
		};
		553C7DF42C0ADF01002C8C0B /* Build configuration list for PBXNativeTarget "NaviX" */ = {
			isa = XCConfigurationList;
			buildConfigurations = (
				553C7DF52C0ADF01002C8C0B /* Debug */,
				553C7DF62C0ADF01002C8C0B /* Release */,
			);
			defaultConfigurationIsVisible = 0;
			defaultConfigurationName = Release;
		};
/* End XCConfigurationList section */

/* Begin XCRemoteSwiftPackageReference section */
		553C7DF72C0B8E0A002C8C0B /* XCRemoteSwiftPackageReference "SwiftSoup" */ = {
			isa = XCRemoteSwiftPackageReference;
			repositoryURL = "https://github.com/scinfu/SwiftSoup";
			requirement = {
				kind = upToNextMajorVersion;
				minimumVersion = 2.7.2;
			};
		};
		553C7DFD2C0B9286002C8C0B /* XCRemoteSwiftPackageReference "SwiftFetch" */ = {
			isa = XCRemoteSwiftPackageReference;
			repositoryURL = "https://github.com/SwiftSimpers/SwiftFetch";
			requirement = {
				branch = main;
				kind = branch;
			};
		};
		553C7E052C0BA05E002C8C0B /* XCRemoteSwiftPackageReference "SwiftUIX" */ = {
			isa = XCRemoteSwiftPackageReference;
			repositoryURL = "https://github.com/SwiftUIX/SwiftUIX";
			requirement = {
				kind = upToNextMajorVersion;
				minimumVersion = 0.2.1;
			};
		};
/* End XCRemoteSwiftPackageReference section */

/* Begin XCSwiftPackageProductDependency section */
		553C7DF82C0B8E0A002C8C0B /* SwiftSoup */ = {
			isa = XCSwiftPackageProductDependency;
			package = 553C7DF72C0B8E0A002C8C0B /* XCRemoteSwiftPackageReference "SwiftSoup" */;
			productName = SwiftSoup;
		};
		553C7DFE2C0B9286002C8C0B /* SwiftFetch */ = {
			isa = XCSwiftPackageProductDependency;
			package = 553C7DFD2C0B9286002C8C0B /* XCRemoteSwiftPackageReference "SwiftFetch" */;
			productName = SwiftFetch;
		};
		553C7E062C0BA05E002C8C0B /* SwiftUIX */ = {
			isa = XCSwiftPackageProductDependency;
			package = 553C7E052C0BA05E002C8C0B /* XCRemoteSwiftPackageReference "SwiftUIX" */;
			productName = SwiftUIX;
		};
/* End XCSwiftPackageProductDependency section */
	};
	rootObject = 553C7DDB2C0ADEFE002C8C0B /* Project object */;
}
