{
  "originHash" : "bb28aca8efbfce2987997de5be7644e6dcf5e62d0200b336d815479dc4d82332",
  "pins" : [
    {
      "identity" : "swiftfetch",
      "kind" : "remoteSourceControl",
      "location" : "https://github.com/SwiftSimpers/SwiftFetch",
      "state" : {
        "branch" : "main",
        "revision" : "cbd561a6a086f6c631486822b5374a75a392fa5f"
      }
    },
    {
      "identity" : "swiftsoup",
      "kind" : "remoteSourceControl",
      "location" : "https://github.com/scinfu/SwiftSoup",
      "state" : {
        "revision" : "028487d4a8a291b2fe1b4392b5425b6172056148",
        "version" : "2.7.2"
      }
    }
  ],
  "version" : 3
}
